// !$*UTF8*$!
{
	archiveVersion = 1;
	classes = {
	};
	objectVersion = 46;
	objects = {

/* Begin PBXBuildFile section */
		565BFC8315673BCD00B567BB /* QuartzCore.framework in Frameworks */ = {isa = PBXBuildFile; fileRef = 565BFC8215673BCD00B567BB /* QuartzCore.framework */; };
		56661EB615622E7300DFFACF /* UIKit.framework in Frameworks */ = {isa = PBXBuildFile; fileRef = 56661EB515622E7300DFFACF /* UIKit.framework */; };
		56661EB815622E7300DFFACF /* Foundation.framework in Frameworks */ = {isa = PBXBuildFile; fileRef = 56661EB715622E7300DFFACF /* Foundation.framework */; };
		56661EBA15622E7300DFFACF /* CoreGraphics.framework in Frameworks */ = {isa = PBXBuildFile; fileRef = 56661EB915622E7300DFFACF /* CoreGraphics.framework */; };
		56661EC015622E7300DFFACF /* InfoPlist.strings in Resources */ = {isa = PBXBuildFile; fileRef = 56661EBE15622E7300DFFACF /* InfoPlist.strings */; };
		56661EC215622E7300DFFACF /* main.m in Sources */ = {isa = PBXBuildFile; fileRef = 56661EC115622E7300DFFACF /* main.m */; };
		56661EC615622E7300DFFACF /* AppDelegate.m in Sources */ = {isa = PBXBuildFile; fileRef = 56661EC515622E7300DFFACF /* AppDelegate.m */; };
		56661EC915622E7300DFFACF /* ViewController.m in Sources */ = {isa = PBXBuildFile; fileRef = 56661EC815622E7300DFFACF /* ViewController.m */; };
		56661ECC15622E7300DFFACF /* ViewController.xib in Resources */ = {isa = PBXBuildFile; fileRef = 56661ECA15622E7300DFFACF /* ViewController.xib */; };
		56661ED415622E7300DFFACF /* SenTestingKit.framework in Frameworks */ = {isa = PBXBuildFile; fileRef = 56661ED315622E7300DFFACF /* SenTestingKit.framework */; };
		56661ED515622E7300DFFACF /* UIKit.framework in Frameworks */ = {isa = PBXBuildFile; fileRef = 56661EB515622E7300DFFACF /* UIKit.framework */; };
		56661ED615622E7300DFFACF /* Foundation.framework in Frameworks */ = {isa = PBXBuildFile; fileRef = 56661EB715622E7300DFFACF /* Foundation.framework */; };
		56661EDE15622E7300DFFACF /* InfoPlist.strings in Resources */ = {isa = PBXBuildFile; fileRef = 56661EDC15622E7300DFFACF /* InfoPlist.strings */; };
		56661EE115622E7300DFFACF /* MathTests.m in Sources */ = {isa = PBXBuildFile; fileRef = 56661EE015622E7300DFFACF /* MathTests.m */; };
		56661EED15622F7D00DFFACF /* loginViewController.m in Sources */ = {isa = PBXBuildFile; fileRef = 56661EEB15622F7D00DFFACF /* loginViewController.m */; };
		56661EEE15622F7D00DFFACF /* loginViewController.xib in Resources */ = {isa = PBXBuildFile; fileRef = 56661EEC15622F7D00DFFACF /* loginViewController.xib */; };
		56661EF615624C5D00DFFACF /* registerViewController.m in Sources */ = {isa = PBXBuildFile; fileRef = 56661EF415624C5D00DFFACF /* registerViewController.m */; };
		56661EF715624C5D00DFFACF /* registerViewController.xib in Resources */ = {isa = PBXBuildFile; fileRef = 56661EF515624C5D00DFFACF /* registerViewController.xib */; };
		56661F0315637B1F00DFFACF /* CourseInfo.m in Sources */ = {isa = PBXBuildFile; fileRef = 56661F0215637B1F00DFFACF /* CourseInfo.m */; };
		56B38F2F1565EE3300C55DAC /* libsqlite3.0.dylib in Frameworks */ = {isa = PBXBuildFile; fileRef = 56B38F2E1565EE3300C55DAC /* libsqlite3.0.dylib */; };
		56B38F351565FA8000C55DAC /* AnimalDatabase.sql in Resources */ = {isa = PBXBuildFile; fileRef = 56B38F341565FA8000C55DAC /* AnimalDatabase.sql */; };
		56B38F371565FCC400C55DAC /* mathTestDatabase.sql in Resources */ = {isa = PBXBuildFile; fileRef = 56B38F361565FCC400C55DAC /* mathTestDatabase.sql */; };
/* End PBXBuildFile section */

/* Begin PBXContainerItemProxy section */
		56661ED715622E7300DFFACF /* PBXContainerItemProxy */ = {
			isa = PBXContainerItemProxy;
			containerPortal = 56661EA815622E7300DFFACF /* Project object */;
			proxyType = 1;
			remoteGlobalIDString = 56661EB015622E7300DFFACF;
			remoteInfo = Math;
		};
/* End PBXContainerItemProxy section */

/* Begin PBXFileReference section */
		565BFC8215673BCD00B567BB /* QuartzCore.framework */ = {isa = PBXFileReference; lastKnownFileType = wrapper.framework; name = QuartzCore.framework; path = System/Library/Frameworks/QuartzCore.framework; sourceTree = SDKROOT; };
		56661EB115622E7300DFFACF /* Math.app */ = {isa = PBXFileReference; explicitFileType = wrapper.application; includeInIndex = 0; path = Math.app; sourceTree = BUILT_PRODUCTS_DIR; };
		56661EB515622E7300DFFACF /* UIKit.framework */ = {isa = PBXFileReference; lastKnownFileType = wrapper.framework; name = UIKit.framework; path = System/Library/Frameworks/UIKit.framework; sourceTree = SDKROOT; };
		56661EB715622E7300DFFACF /* Foundation.framework */ = {isa = PBXFileReference; lastKnownFileType = wrapper.framework; name = Foundation.framework; path = System/Library/Frameworks/Foundation.framework; sourceTree = SDKROOT; };
		56661EB915622E7300DFFACF /* CoreGraphics.framework */ = {isa = PBXFileReference; lastKnownFileType = wrapper.framework; name = CoreGraphics.framework; path = System/Library/Frameworks/CoreGraphics.framework; sourceTree = SDKROOT; };
		56661EBD15622E7300DFFACF /* Math-Info.plist */ = {isa = PBXFileReference; lastKnownFileType = text.plist.xml; path = "Math-Info.plist"; sourceTree = "<group>"; };
		56661EBF15622E7300DFFACF /* en */ = {isa = PBXFileReference; lastKnownFileType = text.plist.strings; name = en; path = en.lproj/InfoPlist.strings; sourceTree = "<group>"; };
		56661EC115622E7300DFFACF /* main.m */ = {isa = PBXFileReference; lastKnownFileType = sourcecode.c.objc; path = main.m; sourceTree = "<group>"; };
		56661EC315622E7300DFFACF /* Math-Prefix.pch */ = {isa = PBXFileReference; lastKnownFileType = sourcecode.c.h; path = "Math-Prefix.pch"; sourceTree = "<group>"; };
		56661EC415622E7300DFFACF /* AppDelegate.h */ = {isa = PBXFileReference; lastKnownFileType = sourcecode.c.h; path = AppDelegate.h; sourceTree = "<group>"; };
		56661EC515622E7300DFFACF /* AppDelegate.m */ = {isa = PBXFileReference; lastKnownFileType = sourcecode.c.objc; path = AppDelegate.m; sourceTree = "<group>"; };
		56661EC715622E7300DFFACF /* ViewController.h */ = {isa = PBXFileReference; lastKnownFileType = sourcecode.c.h; path = ViewController.h; sourceTree = "<group>"; };
		56661EC815622E7300DFFACF /* ViewController.m */ = {isa = PBXFileReference; lastKnownFileType = sourcecode.c.objc; path = ViewController.m; sourceTree = "<group>"; };
		56661ECB15622E7300DFFACF /* en */ = {isa = PBXFileReference; lastKnownFileType = file.xib; name = en; path = en.lproj/ViewController.xib; sourceTree = "<group>"; };
		56661ED215622E7300DFFACF /* MathTests.octest */ = {isa = PBXFileReference; explicitFileType = wrapper.cfbundle; includeInIndex = 0; path = MathTests.octest; sourceTree = BUILT_PRODUCTS_DIR; };
		56661ED315622E7300DFFACF /* SenTestingKit.framework */ = {isa = PBXFileReference; lastKnownFileType = wrapper.framework; name = SenTestingKit.framework; path = Library/Frameworks/SenTestingKit.framework; sourceTree = DEVELOPER_DIR; };
		56661EDB15622E7300DFFACF /* MathTests-Info.plist */ = {isa = PBXFileReference; lastKnownFileType = text.plist.xml; path = "MathTests-Info.plist"; sourceTree = "<group>"; };
		56661EDD15622E7300DFFACF /* en */ = {isa = PBXFileReference; lastKnownFileType = text.plist.strings; name = en; path = en.lproj/InfoPlist.strings; sourceTree = "<group>"; };
		56661EDF15622E7300DFFACF /* MathTests.h */ = {isa = PBXFileReference; lastKnownFileType = sourcecode.c.h; path = MathTests.h; sourceTree = "<group>"; };
		56661EE015622E7300DFFACF /* MathTests.m */ = {isa = PBXFileReference; lastKnownFileType = sourcecode.c.objc; path = MathTests.m; sourceTree = "<group>"; };
		56661EEA15622F7D00DFFACF /* loginViewController.h */ = {isa = PBXFileReference; fileEncoding = 4; lastKnownFileType = sourcecode.c.h; path = loginViewController.h; sourceTree = "<group>"; };
		56661EEB15622F7D00DFFACF /* loginViewController.m */ = {isa = PBXFileReference; fileEncoding = 4; lastKnownFileType = sourcecode.c.objc; path = loginViewController.m; sourceTree = "<group>"; };
		56661EEC15622F7D00DFFACF /* loginViewController.xib */ = {isa = PBXFileReference; fileEncoding = 4; lastKnownFileType = file.xib; path = loginViewController.xib; sourceTree = "<group>"; };
		56661EF315624C5C00DFFACF /* registerViewController.h */ = {isa = PBXFileReference; fileEncoding = 4; lastKnownFileType = sourcecode.c.h; path = registerViewController.h; sourceTree = "<group>"; };
		56661EF415624C5D00DFFACF /* registerViewController.m */ = {isa = PBXFileReference; fileEncoding = 4; lastKnownFileType = sourcecode.c.objc; path = registerViewController.m; sourceTree = "<group>"; };
		56661EF515624C5D00DFFACF /* registerViewController.xib */ = {isa = PBXFileReference; fileEncoding = 4; lastKnownFileType = file.xib; path = registerViewController.xib; sourceTree = "<group>"; };
		56661F0115637B1F00DFFACF /* CourseInfo.h */ = {isa = PBXFileReference; fileEncoding = 4; lastKnownFileType = sourcecode.c.h; path = CourseInfo.h; sourceTree = "<group>"; };
		56661F0215637B1F00DFFACF /* CourseInfo.m */ = {isa = PBXFileReference; fileEncoding = 4; lastKnownFileType = sourcecode.c.objc; path = CourseInfo.m; sourceTree = "<group>"; };
		56B38F2E1565EE3300C55DAC /* libsqlite3.0.dylib */ = {isa = PBXFileReference; lastKnownFileType = "compiled.mach-o.dylib"; name = libsqlite3.0.dylib; path = usr/lib/libsqlite3.0.dylib; sourceTree = SDKROOT; };
		56B38F341565FA8000C55DAC /* AnimalDatabase.sql */ = {isa = PBXFileReference; lastKnownFileType = file; path = AnimalDatabase.sql; sourceTree = "<group>"; };
		56B38F361565FCC400C55DAC /* mathTestDatabase.sql */ = {isa = PBXFileReference; lastKnownFileType = file; path = mathTestDatabase.sql; sourceTree = "<group>"; };
/* End PBXFileReference section */

/* Begin PBXFrameworksBuildPhase section */
		56661EAE15622E7300DFFACF /* Frameworks */ = {
			isa = PBXFrameworksBuildPhase;
			buildActionMask = 2147483647;
			files = (
				565BFC8315673BCD00B567BB /* QuartzCore.framework in Frameworks */,
				56B38F2F1565EE3300C55DAC /* libsqlite3.0.dylib in Frameworks */,
				56661EB615622E7300DFFACF /* UIKit.framework in Frameworks */,
				56661EB815622E7300DFFACF /* Foundation.framework in Frameworks */,
				56661EBA15622E7300DFFACF /* CoreGraphics.framework in Frameworks */,
			);
			runOnlyForDeploymentPostprocessing = 0;
		};
		56661ECE15622E7300DFFACF /* Frameworks */ = {
			isa = PBXFrameworksBuildPhase;
			buildActionMask = 2147483647;
			files = (
				56661ED415622E7300DFFACF /* SenTestingKit.framework in Frameworks */,
				56661ED515622E7300DFFACF /* UIKit.framework in Frameworks */,
				56661ED615622E7300DFFACF /* Foundation.framework in Frameworks */,
			);
			runOnlyForDeploymentPostprocessing = 0;
		};
/* End PBXFrameworksBuildPhase section */

/* Begin PBXGroup section */
		56661EA615622E7300DFFACF = {
			isa = PBXGroup;
			children = (
				56661EBB15622E7300DFFACF /* Math */,
				56661ED915622E7300DFFACF /* MathTests */,
				56661EB415622E7300DFFACF /* Frameworks */,
				56661EB215622E7300DFFACF /* Products */,
			);
			sourceTree = "<group>";
		};
		56661EB215622E7300DFFACF /* Products */ = {
			isa = PBXGroup;
			children = (
				56661EB115622E7300DFFACF /* Math.app */,
				56661ED215622E7300DFFACF /* MathTests.octest */,
			);
			name = Products;
			sourceTree = "<group>";
		};
		56661EB415622E7300DFFACF /* Frameworks */ = {
			isa = PBXGroup;
			children = (
				565BFC8215673BCD00B567BB /* QuartzCore.framework */,
				56B38F2E1565EE3300C55DAC /* libsqlite3.0.dylib */,
				56661EB515622E7300DFFACF /* UIKit.framework */,
				56661EB715622E7300DFFACF /* Foundation.framework */,
				56661EB915622E7300DFFACF /* CoreGraphics.framework */,
				56661ED315622E7300DFFACF /* SenTestingKit.framework */,
			);
			name = Frameworks;
			sourceTree = "<group>";
		};
		56661EBB15622E7300DFFACF /* Math */ = {
			isa = PBXGroup;
			children = (
				56661F0115637B1F00DFFACF /* CourseInfo.h */,
				56661F0215637B1F00DFFACF /* CourseInfo.m */,
				56661EC415622E7300DFFACF /* AppDelegate.h */,
				56661EEA15622F7D00DFFACF /* loginViewController.h */,
				56661EF315624C5C00DFFACF /* registerViewController.h */,
				56661EF415624C5D00DFFACF /* registerViewController.m */,
				56661EEB15622F7D00DFFACF /* loginViewController.m */,
				56661EC515622E7300DFFACF /* AppDelegate.m */,
				56661EC715622E7300DFFACF /* ViewController.h */,
				56661EC815622E7300DFFACF /* ViewController.m */,
				56661EEC15622F7D00DFFACF /* loginViewController.xib */,
				56661EF515624C5D00DFFACF /* registerViewController.xib */,
				56661ECA15622E7300DFFACF /* ViewController.xib */,
				56661EBC15622E7300DFFACF /* Supporting Files */,
			);
			path = Math;
			sourceTree = "<group>";
		};
		56661EBC15622E7300DFFACF /* Supporting Files */ = {
			isa = PBXGroup;
			children = (
				56B38F361565FCC400C55DAC /* mathTestDatabase.sql */,
				56B38F341565FA8000C55DAC /* AnimalDatabase.sql */,
				56661EBD15622E7300DFFACF /* Math-Info.plist */,
				56661EBE15622E7300DFFACF /* InfoPlist.strings */,
				56661EC115622E7300DFFACF /* main.m */,
				56661EC315622E7300DFFACF /* Math-Prefix.pch */,
			);
			name = "Supporting Files";
			sourceTree = "<group>";
		};
		56661ED915622E7300DFFACF /* MathTests */ = {
			isa = PBXGroup;
			children = (
				56661EDF15622E7300DFFACF /* MathTests.h */,
				56661EE015622E7300DFFACF /* MathTests.m */,
				56661EDA15622E7300DFFACF /* Supporting Files */,
			);
			path = MathTests;
			sourceTree = "<group>";
		};
		56661EDA15622E7300DFFACF /* Supporting Files */ = {
			isa = PBXGroup;
			children = (
				56661EDB15622E7300DFFACF /* MathTests-Info.plist */,
				56661EDC15622E7300DFFACF /* InfoPlist.strings */,
			);
			name = "Supporting Files";
			sourceTree = "<group>";
		};
/* End PBXGroup section */

/* Begin PBXNativeTarget section */
		56661EB015622E7300DFFACF /* Math */ = {
			isa = PBXNativeTarget;
			buildConfigurationList = 56661EE415622E7300DFFACF /* Build configuration list for PBXNativeTarget "Math" */;
			buildPhases = (
				56661EAD15622E7300DFFACF /* Sources */,
				56661EAE15622E7300DFFACF /* Frameworks */,
				56661EAF15622E7300DFFACF /* Resources */,
			);
			buildRules = (
			);
			dependencies = (
			);
			name = Math;
			productName = Math;
			productReference = 56661EB115622E7300DFFACF /* Math.app */;
			productType = "com.apple.product-type.application";
		};
		56661ED115622E7300DFFACF /* MathTests */ = {
			isa = PBXNativeTarget;
			buildConfigurationList = 56661EE715622E7300DFFACF /* Build configuration list for PBXNativeTarget "MathTests" */;
			buildPhases = (
				56661ECD15622E7300DFFACF /* Sources */,
				56661ECE15622E7300DFFACF /* Frameworks */,
				56661ECF15622E7300DFFACF /* Resources */,
				56661ED015622E7300DFFACF /* ShellScript */,
			);
			buildRules = (
			);
			dependencies = (
				56661ED815622E7300DFFACF /* PBXTargetDependency */,
			);
			name = MathTests;
			productName = MathTests;
			productReference = 56661ED215622E7300DFFACF /* MathTests.octest */;
			productType = "com.apple.product-type.bundle";
		};
/* End PBXNativeTarget section */

/* Begin PBXProject section */
		56661EA815622E7300DFFACF /* Project object */ = {
			isa = PBXProject;
			attributes = {
				LastUpgradeCheck = 0430;
			};
			buildConfigurationList = 56661EAB15622E7300DFFACF /* Build configuration list for PBXProject "Math" */;
			compatibilityVersion = "Xcode 3.2";
			developmentRegion = English;
			hasScannedForEncodings = 0;
			knownRegions = (
				en,
			);
			mainGroup = 56661EA615622E7300DFFACF;
			productRefGroup = 56661EB215622E7300DFFACF /* Products */;
			projectDirPath = "";
			projectRoot = "";
			targets = (
				56661EB015622E7300DFFACF /* Math */,
				56661ED115622E7300DFFACF /* MathTests */,
			);
		};
/* End PBXProject section */

/* Begin PBXResourcesBuildPhase section */
		56661EAF15622E7300DFFACF /* Resources */ = {
			isa = PBXResourcesBuildPhase;
			buildActionMask = 2147483647;
			files = (
				56661EC015622E7300DFFACF /* InfoPlist.strings in Resources */,
				56661ECC15622E7300DFFACF /* ViewController.xib in Resources */,
				56661EEE15622F7D00DFFACF /* loginViewController.xib in Resources */,
				56661EF715624C5D00DFFACF /* registerViewController.xib in Resources */,
				56B38F351565FA8000C55DAC /* AnimalDatabase.sql in Resources */,
				56B38F371565FCC400C55DAC /* mathTestDatabase.sql in Resources */,
			);
			runOnlyForDeploymentPostprocessing = 0;
		};
		56661ECF15622E7300DFFACF /* Resources */ = {
			isa = PBXResourcesBuildPhase;
			buildActionMask = 2147483647;
			files = (
				56661EDE15622E7300DFFACF /* InfoPlist.strings in Resources */,
			);
			runOnlyForDeploymentPostprocessing = 0;
		};
/* End PBXResourcesBuildPhase section */

/* Begin PBXShellScriptBuildPhase section */
		56661ED015622E7300DFFACF /* ShellScript */ = {
			isa = PBXShellScriptBuildPhase;
			buildActionMask = 2147483647;
			files = (
			);
			inputPaths = (
			);
			outputPaths = (
			);
			runOnlyForDeploymentPostprocessing = 0;
			shellPath = /bin/sh;
			shellScript = "# Run the unit tests in this test bundle.\n\"${SYSTEM_DEVELOPER_DIR}/Tools/RunUnitTests\"\n";
		};
/* End PBXShellScriptBuildPhase section */

/* Begin PBXSourcesBuildPhase section */
		56661EAD15622E7300DFFACF /* Sources */ = {
			isa = PBXSourcesBuildPhase;
			buildActionMask = 2147483647;
			files = (
				56661EC215622E7300DFFACF /* main.m in Sources */,
				56661EC615622E7300DFFACF /* AppDelegate.m in Sources */,
				56661EC915622E7300DFFACF /* ViewController.m in Sources */,
				56661EED15622F7D00DFFACF /* loginViewController.m in Sources */,
				56661EF615624C5D00DFFACF /* registerViewController.m in Sources */,
				56661F0315637B1F00DFFACF /* CourseInfo.m in Sources */,
			);
			runOnlyForDeploymentPostprocessing = 0;
		};
		56661ECD15622E7300DFFACF /* Sources */ = {
			isa = PBXSourcesBuildPhase;
			buildActionMask = 2147483647;
			files = (
				56661EE115622E7300DFFACF /* MathTests.m in Sources */,
			);
			runOnlyForDeploymentPostprocessing = 0;
		};
/* End PBXSourcesBuildPhase section */

/* Begin PBXTargetDependency section */
		56661ED815622E7300DFFACF /* PBXTargetDependency */ = {
			isa = PBXTargetDependency;
			target = 56661EB015622E7300DFFACF /* Math */;
			targetProxy = 56661ED715622E7300DFFACF /* PBXContainerItemProxy */;
		};
/* End PBXTargetDependency section */

/* Begin PBXVariantGroup section */
		56661EBE15622E7300DFFACF /* InfoPlist.strings */ = {
			isa = PBXVariantGroup;
			children = (
				56661EBF15622E7300DFFACF /* en */,
			);
			name = InfoPlist.strings;
			sourceTree = "<group>";
		};
		56661ECA15622E7300DFFACF /* ViewController.xib */ = {
			isa = PBXVariantGroup;
			children = (
				56661ECB15622E7300DFFACF /* en */,
			);
			name = ViewController.xib;
			sourceTree = "<group>";
		};
		56661EDC15622E7300DFFACF /* InfoPlist.strings */ = {
			isa = PBXVariantGroup;
			children = (
				56661EDD15622E7300DFFACF /* en */,
			);
			name = InfoPlist.strings;
			sourceTree = "<group>";
		};
/* End PBXVariantGroup section */

/* Begin XCBuildConfiguration section */
		56661EE215622E7300DFFACF /* Debug */ = {
			isa = XCBuildConfiguration;
			buildSettings = {
				ALWAYS_SEARCH_USER_PATHS = NO;
				ARCHS = "$(ARCHS_STANDARD_32_BIT)";
				CLANG_ENABLE_OBJC_ARC = YES;
				"CODE_SIGN_IDENTITY[sdk=iphoneos*]" = "iPhone Developer";
				COPY_PHASE_STRIP = NO;
				GCC_C_LANGUAGE_STANDARD = gnu99;
				GCC_DYNAMIC_NO_PIC = NO;
				GCC_OPTIMIZATION_LEVEL = 0;
				GCC_PREPROCESSOR_DEFINITIONS = (
					"DEBUG=1",
					"$(inherited)",
				);
				GCC_SYMBOLS_PRIVATE_EXTERN = NO;
				GCC_VERSION = com.apple.compilers.llvm.clang.1_0;
				GCC_WARN_ABOUT_RETURN_TYPE = YES;
				GCC_WARN_UNINITIALIZED_AUTOS = YES;
				GCC_WARN_UNUSED_VARIABLE = YES;
				IPHONEOS_DEPLOYMENT_TARGET = 5.1;
				SDKROOT = iphoneos;
			};
			name = Debug;
		};
		56661EE315622E7300DFFACF /* Release */ = {
			isa = XCBuildConfiguration;
			buildSettings = {
				ALWAYS_SEARCH_USER_PATHS = NO;
				ARCHS = "$(ARCHS_STANDARD_32_BIT)";
				CLANG_ENABLE_OBJC_ARC = YES;
				"CODE_SIGN_IDENTITY[sdk=iphoneos*]" = "iPhone Developer";
				COPY_PHASE_STRIP = YES;
				GCC_C_LANGUAGE_STANDARD = gnu99;
				GCC_VERSION = com.apple.compilers.llvm.clang.1_0;
				GCC_WARN_ABOUT_RETURN_TYPE = YES;
				GCC_WARN_UNINITIALIZED_AUTOS = YES;
				GCC_WARN_UNUSED_VARIABLE = YES;
				IPHONEOS_DEPLOYMENT_TARGET = 5.1;
				OTHER_CFLAGS = "-DNS_BLOCK_ASSERTIONS=1";
				SDKROOT = iphoneos;
				VALIDATE_PRODUCT = YES;
			};
			name = Release;
		};
		56661EE515622E7300DFFACF /* Debug */ = {
			isa = XCBuildConfiguration;
			buildSettings = {
				GCC_PRECOMPILE_PREFIX_HEADER = YES;
				GCC_PREFIX_HEADER = "Math/Math-Prefix.pch";
				INFOPLIST_FILE = "Math/Math-Info.plist";
				PRODUCT_NAME = "$(TARGET_NAME)";
				WRAPPER_EXTENSION = app;
			};
			name = Debug;
		};
		56661EE615622E7300DFFACF /* Release */ = {
			isa = XCBuildConfiguration;
			buildSettings = {
				GCC_PRECOMPILE_PREFIX_HEADER = YES;
				GCC_PREFIX_HEADER = "Math/Math-Prefix.pch";
				INFOPLIST_FILE = "Math/Math-Info.plist";
				PRODUCT_NAME = "$(TARGET_NAME)";
				WRAPPER_EXTENSION = app;
			};
			name = Release;
		};
		56661EE815622E7300DFFACF /* Debug */ = {
			isa = XCBuildConfiguration;
			buildSettings = {
				BUNDLE_LOADER = "$(BUILT_PRODUCTS_DIR)/Math.app/Math";
				FRAMEWORK_SEARCH_PATHS = (
					"$(SDKROOT)/Developer/Library/Frameworks",
					"$(DEVELOPER_LIBRARY_DIR)/Frameworks",
				);
				GCC_PRECOMPILE_PREFIX_HEADER = YES;
				GCC_PREFIX_HEADER = "Math/Math-Prefix.pch";
				INFOPLIST_FILE = "MathTests/MathTests-Info.plist";
				PRODUCT_NAME = "$(TARGET_NAME)";
				TEST_HOST = "$(BUNDLE_LOADER)";
				WRAPPER_EXTENSION = octest;
			};
			name = Debug;
		};
		56661EE915622E7300DFFACF /* Release */ = {
			isa = XCBuildConfiguration;
			buildSettings = {
				BUNDLE_LOADER = "$(BUILT_PRODUCTS_DIR)/Math.app/Math";
				FRAMEWORK_SEARCH_PATHS = (
					"$(SDKROOT)/Developer/Library/Frameworks",
					"$(DEVELOPER_LIBRARY_DIR)/Frameworks",
				);
				GCC_PRECOMPILE_PREFIX_HEADER = YES;
				GCC_PREFIX_HEADER = "Math/Math-Prefix.pch";
				INFOPLIST_FILE = "MathTests/MathTests-Info.plist";
				PRODUCT_NAME = "$(TARGET_NAME)";
				TEST_HOST = "$(BUNDLE_LOADER)";
				WRAPPER_EXTENSION = octest;
			};
			name = Release;
		};
/* End XCBuildConfiguration section */

/* Begin XCConfigurationList section */
		56661EAB15622E7300DFFACF /* Build configuration list for PBXProject "Math" */ = {
			isa = XCConfigurationList;
			buildConfigurations = (
				56661EE215622E7300DFFACF /* Debug */,
				56661EE315622E7300DFFACF /* Release */,
			);
			defaultConfigurationIsVisible = 0;
			defaultConfigurationName = Release;
		};
		56661EE415622E7300DFFACF /* Build configuration list for PBXNativeTarget "Math" */ = {
			isa = XCConfigurationList;
			buildConfigurations = (
				56661EE515622E7300DFFACF /* Debug */,
				56661EE615622E7300DFFACF /* Release */,
			);
			defaultConfigurationIsVisible = 0;
			defaultConfigurationName = Release;
		};
		56661EE715622E7300DFFACF /* Build configuration list for PBXNativeTarget "MathTests" */ = {
			isa = XCConfigurationList;
			buildConfigurations = (
				56661EE815622E7300DFFACF /* Debug */,
				56661EE915622E7300DFFACF /* Release */,
			);
			defaultConfigurationIsVisible = 0;
			defaultConfigurationName = Release;
		};
/* End XCConfigurationList section */
	};
	rootObject = 56661EA815622E7300DFFACF /* Project object */;
}
